
Microsoft Visual Studio Solution File, Format Version 12.00
# Visual Studio 15
Project("{FAE04EC0-301F-11D3-BF4B-00C04F79EFBC}") = "Assembly-CSharp-Editor", "Assembly-CSharp-Editor.csproj", "{EAE1D6DB-FA04-3275-4A02-EDCB76407F82}"
EndProject
Project("{FAE04EC0-301F-11D3-BF4B-00C04F79EFBC}") = "Assembly-CSharp", "Assembly-CSharp.csproj", "{466E4475-C242-AD16-D9DB-DCBC99B48E84}"
EndProject
Global
	GlobalSection(SolutionConfigurationPlatforms) = preSolution
		Debug|Any CPU = Debug|Any CPU
		Release|Any CPU = Release|Any CPU
	EndGlobalSection
	GlobalSection(ProjectConfigurationPlatforms) = postSolution
		{EAE1D6DB-FA04-3275-4A02-EDCB76407F82}.Debug|Any CPU.ActiveCfg = Debug|Any CPU
		{EAE1D6DB-FA04-3275-4A02-EDCB76407F82}.Debug|Any CPU.Build.0 = Debug|Any CPU
		{EAE1D6DB-FA04-3275-4A02-EDCB76407F82}.Release|Any CPU.ActiveCfg = Release|Any CPU
		{EAE1D6DB-FA04-3275-4A02-EDCB76407F82}.Release|Any CPU.Build.0 = Release|Any CPU
		{466E4475-C242-AD16-D9DB-DCBC99B48E84}.Debug|Any CPU.ActiveCfg = Debug|Any CPU
		{466E4475-C242-AD16-D9DB-DCBC99B48E84}.Debug|Any CPU.Build.0 = Debug|Any CPU
		{466E4475-C242-AD16-D9DB-DCBC99B48E84}.Release|Any CPU.ActiveCfg = Release|Any CPU
		{466E4475-C242-AD16-D9DB-DCBC99B48E84}.Release|Any CPU.Build.0 = Release|Any CPU
	EndGlobalSection
	GlobalSection(SolutionProperties) = preSolution
		HideSolutionNode = FALSE
	EndGlobalSection
EndGlobal
